
Microsoft Visual Studio Solution File, Format Version 12.00
# Visual Studio Version 17
VisualStudioVersion = 17.14.36414.22
MinimumVisualStudioVersion = 10.0.40219.1
Project("{2150E333-8FDC-42A3-9474-1A3956D46DE8}") = "Task0", "Task0", "{6B40D4EF-0EB1-4E07-86A5-03ECA7DF42BA}"
EndProject
Project("{FAE04EC0-301F-11D3-BF4B-00C04F79EFBC}") = "Tyuiu.MinullinDF.Sprint1.Task0.V28.Lib", "Tyuiu.MinullinDF.Sprint1.Task0.V28.Lib\Tyuiu.MinullinDF.Sprint1.Task0.V28.Lib.csproj", "{14331661-393D-400F-8A3D-94720B60B9E1}"
EndProject
Project("{FAE04EC0-301F-11D3-BF4B-00C04F79EFBC}") = "Tyuiu.MinullinDF.Sprint1.Task0.V28", "Tyuiu.MinullinDF.Sprint1.Task0.V28\Tyuiu.MinullinDF.Sprint1.Task0.V28.csproj", "{5E417160-5266-41F8-8AEF-DE18C481ECB8}"
EndProject
Project("{FAE04EC0-301F-11D3-BF4B-00C04F79EFBC}") = "Tyuiu.MinullinDF.Sprint1.Task0.V28.Test", "Tyuiu.MinullinDF.Sprint1.Task0.V28.Test\Tyuiu.MinullinDF.Sprint1.Task0.V28.Test.csproj", "{6C357FDE-A4F7-44B1-A8DE-94DF54644C46}"
EndProject
Project("{2150E333-8FDC-42A3-9474-1A3956D46DE8}") = "Task1", "Task1", "{02EA681E-C7D8-13C7-8484-4AC65E1B71E8}"
EndProject
Project("{FAE04EC0-301F-11D3-BF4B-00C04F79EFBC}") = "Tyuiu.MinullinDF.Sprint1.Task1.V10.Test", "Tyuiu.MinullinDF.Sprint1.Task1.V10.Test\Tyuiu.MinullinDF.Sprint1.Task1.V10.Test.csproj", "{D8A759AC-EF4B-4159-80CD-1BB79BCDFE24}"
EndProject
Project("{FAE04EC0-301F-11D3-BF4B-00C04F79EFBC}") = "Tyuiu.MinullinDF.Sprint1.Task1.V10", "Tyuiu.MinullinDF.Sprint1.Task1.V10\Tyuiu.MinullinDF.Sprint1.Task1.V10.csproj", "{B6A5B8DD-7E25-40EF-9C2B-45289AA4183F}"
EndProject
Project("{FAE04EC0-301F-11D3-BF4B-00C04F79EFBC}") = "Tyuiu.MinullinDF.Sprint1.Task1.V10.Lib", "Tyuiu.MinullinDF.Sprint1.Task1.V10.Lib\Tyuiu.MinullinDF.Sprint1.Task1.V10.Lib.csproj", "{C04DD1B5-359E-445B-B494-C76841041F16}"
EndProject
Project("{2150E333-8FDC-42A3-9474-1A3956D46DE8}") = "Task2", "Task2", "{1B1502CB-B4D3-46B3-A4FB-E7664FAA215A}"
EndProject
Project("{FAE04EC0-301F-11D3-BF4B-00C04F79EFBC}") = "Tyuiu.MinullinDF.Sprint1.Task2.V7.Lib", "Tyuiu.MinullinDF.Sprint1.Task2.V7.Lib\Tyuiu.MinullinDF.Sprint1.Task2.V7.Lib.csproj", "{0A0DC7BD-1F7E-4129-8422-953DEE2A2E9D}"
EndProject
Project("{FAE04EC0-301F-11D3-BF4B-00C04F79EFBC}") = "Tyuiu.MinullinDF.Sprint1.Task2.V7", "Tyuiu.MinullinDF.Sprint1.Task2.V7\Tyuiu.MinullinDF.Sprint1.Task2.V7.csproj", "{CF11FD22-C6C1-495A-A6F0-5214BE8933CF}"
EndProject
Project("{FAE04EC0-301F-11D3-BF4B-00C04F79EFBC}") = "Tyuiu.MinullinDF.Sprint1.Task2.V7.Test", "Tyuiu.MinullinDF.Sprint1.Task2.V7.Test\Tyuiu.MinullinDF.Sprint1.Task2.V7.Test.csproj", "{283E5619-2E3D-4AA5-8940-F22801122D75}"
EndProject
Project("{2150E333-8FDC-42A3-9474-1A3956D46DE8}") = "Task3", "Task3", "{21092146-5AAA-41FB-8A09-57338136C430}"
EndProject
Project("{FAE04EC0-301F-11D3-BF4B-00C04F79EFBC}") = "Tyuiu.MinullinDF.Sprint1.Task3.V17.Test", "Tyuiu.MinullinDF.Sprint1.Task3.V17.Test\Tyuiu.MinullinDF.Sprint1.Task3.V17.Test.csproj", "{A0B4A10C-36A4-49AE-B865-D2213622E835}"
EndProject
Project("{FAE04EC0-301F-11D3-BF4B-00C04F79EFBC}") = "Tyuiu.MinullinDF.Sprint1.Task3.V17", "Tyuiu.MinullinDF.Sprint1.Task3.V17\Tyuiu.MinullinDF.Sprint1.Task3.V17.csproj", "{667652B8-67EA-468E-9936-0FBB7E14A5F4}"
EndProject
Project("{FAE04EC0-301F-11D3-BF4B-00C04F79EFBC}") = "Tyuiu.MinullinDF.Sprint1.Task3.V17.Lib", "Tyuiu.MinullinDF.Sprint1.Task3.V17.Lib\Tyuiu.MinullinDF.Sprint1.Task3.V17.Lib.csproj", "{CB9EF2AC-88B6-44F6-87B7-B3CD141DCC5E}"
EndProject
Project("{2150E333-8FDC-42A3-9474-1A3956D46DE8}") = "Task4", "Task4", "{EE2ED43C-0C81-4EEA-993E-F48F15DD5A1B}"
EndProject
Project("{FAE04EC0-301F-11D3-BF4B-00C04F79EFBC}") = "Tyuiu.MinullinDF.Sprint1.Task4.V11", "Tyuiu.MinullinDF.Sprint1.Task4.V11\Tyuiu.MinullinDF.Sprint1.Task4.V11.csproj", "{9E18722D-DA64-427B-A295-748AA0018700}"
EndProject
Project("{FAE04EC0-301F-11D3-BF4B-00C04F79EFBC}") = "Tyuiu.MinullinDF.Sprint1.Task4.V11.Lib", "Tyuiu.MinullinDF.Sprint1.Task4.V11.Lib\Tyuiu.MinullinDF.Sprint1.Task4.V11.Lib.csproj", "{C0CB1D75-CF0F-4D99-ADB7-F8D0693E24FF}"
EndProject
Project("{FAE04EC0-301F-11D3-BF4B-00C04F79EFBC}") = "Tyuiu.MinullinDF.Sprint1.Task4.V11.Test", "Tyuiu.MinullinDF.Sprint1.Task4.V11.Test\Tyuiu.MinullinDF.Sprint1.Task4.V11.Test.csproj", "{9D07F373-5D0B-4589-B86D-3474A6692E34}"
EndProject
Project("{2150E333-8FDC-42A3-9474-1A3956D46DE8}") = "Task5", "Task5", "{2D0992A8-28AD-4CD9-A49C-B4FF1B839061}"
EndProject
Project("{FAE04EC0-301F-11D3-BF4B-00C04F79EFBC}") = "Tyuiu.MinullinDF.Sprint1.Task5.V2", "Tyuiu.MinullinDF.Sprint1.Task5.V2\Tyuiu.MinullinDF.Sprint1.Task5.V2.csproj", "{1375CE0B-8CBE-4C5D-B759-846A92F3664B}"
EndProject
Project("{FAE04EC0-301F-11D3-BF4B-00C04F79EFBC}") = "Tyuiu.MinullinDF.Sprint1.Task5.V2.Lib", "Tyuiu.MinullinDF.Sprint1.Task5.V2.Lib\Tyuiu.MinullinDF.Sprint1.Task5.V2.Lib.csproj", "{5A7255B0-28C2-4D1B-94C5-5A2613A0484D}"
EndProject
Project("{FAE04EC0-301F-11D3-BF4B-00C04F79EFBC}") = "Tyuiu.MinullinDF.Sprint1.Task5.V2.Test", "Tyuiu.MinullinDF.Sprint1.Task5.V2.Test\Tyuiu.MinullinDF.Sprint1.Task5.V2.Test.csproj", "{C51EA327-A8E7-4043-94E7-DC5A331C5049}"
EndProject
Global
	GlobalSection(SolutionConfigurationPlatforms) = preSolution
		Debug|Any CPU = Debug|Any CPU
		Release|Any CPU = Release|Any CPU
	EndGlobalSection
	GlobalSection(ProjectConfigurationPlatforms) = postSolution
		{14331661-393D-400F-8A3D-94720B60B9E1}.Debug|Any CPU.ActiveCfg = Debug|Any CPU
		{14331661-393D-400F-8A3D-94720B60B9E1}.Debug|Any CPU.Build.0 = Debug|Any CPU
		{14331661-393D-400F-8A3D-94720B60B9E1}.Release|Any CPU.ActiveCfg = Release|Any CPU
		{14331661-393D-400F-8A3D-94720B60B9E1}.Release|Any CPU.Build.0 = Release|Any CPU
		{5E417160-5266-41F8-8AEF-DE18C481ECB8}.Debug|Any CPU.ActiveCfg = Debug|Any CPU
		{5E417160-5266-41F8-8AEF-DE18C481ECB8}.Debug|Any CPU.Build.0 = Debug|Any CPU
		{5E417160-5266-41F8-8AEF-DE18C481ECB8}.Release|Any CPU.ActiveCfg = Release|Any CPU
		{5E417160-5266-41F8-8AEF-DE18C481ECB8}.Release|Any CPU.Build.0 = Release|Any CPU
		{6C357FDE-A4F7-44B1-A8DE-94DF54644C46}.Debug|Any CPU.ActiveCfg = Debug|Any CPU
		{6C357FDE-A4F7-44B1-A8DE-94DF54644C46}.Debug|Any CPU.Build.0 = Debug|Any CPU
		{6C357FDE-A4F7-44B1-A8DE-94DF54644C46}.Release|Any CPU.ActiveCfg = Release|Any CPU
		{6C357FDE-A4F7-44B1-A8DE-94DF54644C46}.Release|Any CPU.Build.0 = Release|Any CPU
		{D8A759AC-EF4B-4159-80CD-1BB79BCDFE24}.Debug|Any CPU.ActiveCfg = Debug|Any CPU
		{D8A759AC-EF4B-4159-80CD-1BB79BCDFE24}.Debug|Any CPU.Build.0 = Debug|Any CPU
		{D8A759AC-EF4B-4159-80CD-1BB79BCDFE24}.Release|Any CPU.ActiveCfg = Release|Any CPU
		{D8A759AC-EF4B-4159-80CD-1BB79BCDFE24}.Release|Any CPU.Build.0 = Release|Any CPU
		{B6A5B8DD-7E25-40EF-9C2B-45289AA4183F}.Debug|Any CPU.ActiveCfg = Debug|Any CPU
		{B6A5B8DD-7E25-40EF-9C2B-45289AA4183F}.Debug|Any CPU.Build.0 = Debug|Any CPU
		{B6A5B8DD-7E25-40EF-9C2B-45289AA4183F}.Release|Any CPU.ActiveCfg = Release|Any CPU
		{B6A5B8DD-7E25-40EF-9C2B-45289AA4183F}.Release|Any CPU.Build.0 = Release|Any CPU
		{C04DD1B5-359E-445B-B494-C76841041F16}.Debug|Any CPU.ActiveCfg = Debug|Any CPU
		{C04DD1B5-359E-445B-B494-C76841041F16}.Debug|Any CPU.Build.0 = Debug|Any CPU
		{C04DD1B5-359E-445B-B494-C76841041F16}.Release|Any CPU.ActiveCfg = Release|Any CPU
		{C04DD1B5-359E-445B-B494-C76841041F16}.Release|Any CPU.Build.0 = Release|Any CPU
		{0A0DC7BD-1F7E-4129-8422-953DEE2A2E9D}.Debug|Any CPU.ActiveCfg = Debug|Any CPU
		{0A0DC7BD-1F7E-4129-8422-953DEE2A2E9D}.Debug|Any CPU.Build.0 = Debug|Any CPU
		{0A0DC7BD-1F7E-4129-8422-953DEE2A2E9D}.Release|Any CPU.ActiveCfg = Release|Any CPU
		{0A0DC7BD-1F7E-4129-8422-953DEE2A2E9D}.Release|Any CPU.Build.0 = Release|Any CPU
		{CF11FD22-C6C1-495A-A6F0-5214BE8933CF}.Debug|Any CPU.ActiveCfg = Debug|Any CPU
		{CF11FD22-C6C1-495A-A6F0-5214BE8933CF}.Debug|Any CPU.Build.0 = Debug|Any CPU
		{CF11FD22-C6C1-495A-A6F0-5214BE8933CF}.Release|Any CPU.ActiveCfg = Release|Any CPU
		{CF11FD22-C6C1-495A-A6F0-5214BE8933CF}.Release|Any CPU.Build.0 = Release|Any CPU
		{283E5619-2E3D-4AA5-8940-F22801122D75}.Debug|Any CPU.ActiveCfg = Debug|Any CPU
		{283E5619-2E3D-4AA5-8940-F22801122D75}.Debug|Any CPU.Build.0 = Debug|Any CPU
		{283E5619-2E3D-4AA5-8940-F22801122D75}.Release|Any CPU.ActiveCfg = Release|Any CPU
		{283E5619-2E3D-4AA5-8940-F22801122D75}.Release|Any CPU.Build.0 = Release|Any CPU
		{A0B4A10C-36A4-49AE-B865-D2213622E835}.Debug|Any CPU.ActiveCfg = Debug|Any CPU
		{A0B4A10C-36A4-49AE-B865-D2213622E835}.Debug|Any CPU.Build.0 = Debug|Any CPU
		{A0B4A10C-36A4-49AE-B865-D2213622E835}.Release|Any CPU.ActiveCfg = Release|Any CPU
		{A0B4A10C-36A4-49AE-B865-D2213622E835}.Release|Any CPU.Build.0 = Release|Any CPU
		{667652B8-67EA-468E-9936-0FBB7E14A5F4}.Debug|Any CPU.ActiveCfg = Debug|Any CPU
		{667652B8-67EA-468E-9936-0FBB7E14A5F4}.Debug|Any CPU.Build.0 = Debug|Any CPU
		{667652B8-67EA-468E-9936-0FBB7E14A5F4}.Release|Any CPU.ActiveCfg = Release|Any CPU
		{667652B8-67EA-468E-9936-0FBB7E14A5F4}.Release|Any CPU.Build.0 = Release|Any CPU
		{CB9EF2AC-88B6-44F6-87B7-B3CD141DCC5E}.Debug|Any CPU.ActiveCfg = Debug|Any CPU
		{CB9EF2AC-88B6-44F6-87B7-B3CD141DCC5E}.Debug|Any CPU.Build.0 = Debug|Any CPU
		{CB9EF2AC-88B6-44F6-87B7-B3CD141DCC5E}.Release|Any CPU.ActiveCfg = Release|Any CPU
		{CB9EF2AC-88B6-44F6-87B7-B3CD141DCC5E}.Release|Any CPU.Build.0 = Release|Any CPU
		{9E18722D-DA64-427B-A295-748AA0018700}.Debug|Any CPU.ActiveCfg = Debug|Any CPU
		{9E18722D-DA64-427B-A295-748AA0018700}.Debug|Any CPU.Build.0 = Debug|Any CPU
		{9E18722D-DA64-427B-A295-748AA0018700}.Release|Any CPU.ActiveCfg = Release|Any CPU
		{9E18722D-DA64-427B-A295-748AA0018700}.Release|Any CPU.Build.0 = Release|Any CPU
		{C0CB1D75-CF0F-4D99-ADB7-F8D0693E24FF}.Debug|Any CPU.ActiveCfg = Debug|Any CPU
		{C0CB1D75-CF0F-4D99-ADB7-F8D0693E24FF}.Debug|Any CPU.Build.0 = Debug|Any CPU
		{C0CB1D75-CF0F-4D99-ADB7-F8D0693E24FF}.Release|Any CPU.ActiveCfg = Release|Any CPU
		{C0CB1D75-CF0F-4D99-ADB7-F8D0693E24FF}.Release|Any CPU.Build.0 = Release|Any CPU
		{9D07F373-5D0B-4589-B86D-3474A6692E34}.Debug|Any CPU.ActiveCfg = Debug|Any CPU
		{9D07F373-5D0B-4589-B86D-3474A6692E34}.Debug|Any CPU.Build.0 = Debug|Any CPU
		{9D07F373-5D0B-4589-B86D-3474A6692E34}.Release|Any CPU.ActiveCfg = Release|Any CPU
		{9D07F373-5D0B-4589-B86D-3474A6692E34}.Release|Any CPU.Build.0 = Release|Any CPU
		{1375CE0B-8CBE-4C5D-B759-846A92F3664B}.Debug|Any CPU.ActiveCfg = Debug|Any CPU
		{1375CE0B-8CBE-4C5D-B759-846A92F3664B}.Debug|Any CPU.Build.0 = Debug|Any CPU
		{1375CE0B-8CBE-4C5D-B759-846A92F3664B}.Release|Any CPU.ActiveCfg = Release|Any CPU
		{1375CE0B-8CBE-4C5D-B759-846A92F3664B}.Release|Any CPU.Build.0 = Release|Any CPU
		{5A7255B0-28C2-4D1B-94C5-5A2613A0484D}.Debug|Any CPU.ActiveCfg = Debug|Any CPU
		{5A7255B0-28C2-4D1B-94C5-5A2613A0484D}.Debug|Any CPU.Build.0 = Debug|Any CPU
		{5A7255B0-28C2-4D1B-94C5-5A2613A0484D}.Release|Any CPU.ActiveCfg = Release|Any CPU
		{5A7255B0-28C2-4D1B-94C5-5A2613A0484D}.Release|Any CPU.Build.0 = Release|Any CPU
		{C51EA327-A8E7-4043-94E7-DC5A331C5049}.Debug|Any CPU.ActiveCfg = Debug|Any CPU
		{C51EA327-A8E7-4043-94E7-DC5A331C5049}.Debug|Any CPU.Build.0 = Debug|Any CPU
		{C51EA327-A8E7-4043-94E7-DC5A331C5049}.Release|Any CPU.ActiveCfg = Release|Any CPU
		{C51EA327-A8E7-4043-94E7-DC5A331C5049}.Release|Any CPU.Build.0 = Release|Any CPU
	EndGlobalSection
	GlobalSection(SolutionProperties) = preSolution
		HideSolutionNode = FALSE
	EndGlobalSection
	GlobalSection(NestedProjects) = preSolution
		{14331661-393D-400F-8A3D-94720B60B9E1} = {6B40D4EF-0EB1-4E07-86A5-03ECA7DF42BA}
		{5E417160-5266-41F8-8AEF-DE18C481ECB8} = {6B40D4EF-0EB1-4E07-86A5-03ECA7DF42BA}
		{6C357FDE-A4F7-44B1-A8DE-94DF54644C46} = {6B40D4EF-0EB1-4E07-86A5-03ECA7DF42BA}
		{D8A759AC-EF4B-4159-80CD-1BB79BCDFE24} = {02EA681E-C7D8-13C7-8484-4AC65E1B71E8}
		{B6A5B8DD-7E25-40EF-9C2B-45289AA4183F} = {02EA681E-C7D8-13C7-8484-4AC65E1B71E8}
		{C04DD1B5-359E-445B-B494-C76841041F16} = {02EA681E-C7D8-13C7-8484-4AC65E1B71E8}
		{0A0DC7BD-1F7E-4129-8422-953DEE2A2E9D} = {1B1502CB-B4D3-46B3-A4FB-E7664FAA215A}
		{CF11FD22-C6C1-495A-A6F0-5214BE8933CF} = {1B1502CB-B4D3-46B3-A4FB-E7664FAA215A}
		{283E5619-2E3D-4AA5-8940-F22801122D75} = {1B1502CB-B4D3-46B3-A4FB-E7664FAA215A}
		{A0B4A10C-36A4-49AE-B865-D2213622E835} = {21092146-5AAA-41FB-8A09-57338136C430}
		{667652B8-67EA-468E-9936-0FBB7E14A5F4} = {21092146-5AAA-41FB-8A09-57338136C430}
		{CB9EF2AC-88B6-44F6-87B7-B3CD141DCC5E} = {21092146-5AAA-41FB-8A09-57338136C430}
		{9E18722D-DA64-427B-A295-748AA0018700} = {EE2ED43C-0C81-4EEA-993E-F48F15DD5A1B}
		{C0CB1D75-CF0F-4D99-ADB7-F8D0693E24FF} = {EE2ED43C-0C81-4EEA-993E-F48F15DD5A1B}
		{9D07F373-5D0B-4589-B86D-3474A6692E34} = {EE2ED43C-0C81-4EEA-993E-F48F15DD5A1B}
		{1375CE0B-8CBE-4C5D-B759-846A92F3664B} = {2D0992A8-28AD-4CD9-A49C-B4FF1B839061}
		{5A7255B0-28C2-4D1B-94C5-5A2613A0484D} = {2D0992A8-28AD-4CD9-A49C-B4FF1B839061}
		{C51EA327-A8E7-4043-94E7-DC5A331C5049} = {2D0992A8-28AD-4CD9-A49C-B4FF1B839061}
	EndGlobalSection
	GlobalSection(ExtensibilityGlobals) = postSolution
		SolutionGuid = {3B241840-42EA-434D-8D66-653C44792C5A}
	EndGlobalSection
EndGlobal
