
Microsoft Visual Studio Solution File, Format Version 12.00
# Visual Studio Version 17
VisualStudioVersion = 17.14.36414.22
MinimumVisualStudioVersion = 10.0.40219.1
Project("{2150E333-8FDC-42A3-9474-1A3956D46DE8}") = "Task0", "Task0", "{02EA681E-C7D8-13C7-8484-4AC65E1B71E8}"
EndProject
Project("{FAE04EC0-301F-11D3-BF4B-00C04F79EFBC}") = "Tyuiu.MinullinDF.Sprint1.Task0.V0.Test", "Tyuiu.MinullinDF.Sprint1.Task0.V0.Test\Tyuiu.MinullinDF.Sprint1.Task0.V0.Test.csproj", "{853B78F3-3607-4107-A861-2BE0154F3A7A}"
EndProject
Project("{FAE04EC0-301F-11D3-BF4B-00C04F79EFBC}") = "Tyuiu.MinullinDF.Sprint1.Task0.V0", "Tyuiu.MinullinDF.Sprint1.Task0.V0\Tyuiu.MinullinDF.Sprint1.Task0.V0.csproj", "{5139985F-3E69-4490-A7A2-24EC7FA7683C}"
EndProject
Project("{FAE04EC0-301F-11D3-BF4B-00C04F79EFBC}") = "Tyuiu.MinullinDF.Sprint1.Task0.V0.Lib", "Tyuiu.MinullinDF.Sprint1.Task0.V0.Lib\Tyuiu.MinullinDF.Sprint1.Task0.V0.Lib.csproj", "{B2E8B3B7-1BED-4FDA-9FD2-98F012D1B4D1}"
EndProject
Global
	GlobalSection(SolutionConfigurationPlatforms) = preSolution
		Debug|Any CPU = Debug|Any CPU
		Release|Any CPU = Release|Any CPU
	EndGlobalSection
	GlobalSection(ProjectConfigurationPlatforms) = postSolution
		{853B78F3-3607-4107-A861-2BE0154F3A7A}.Debug|Any CPU.ActiveCfg = Debug|Any CPU
		{853B78F3-3607-4107-A861-2BE0154F3A7A}.Debug|Any CPU.Build.0 = Debug|Any CPU
		{853B78F3-3607-4107-A861-2BE0154F3A7A}.Release|Any CPU.ActiveCfg = Release|Any CPU
		{853B78F3-3607-4107-A861-2BE0154F3A7A}.Release|Any CPU.Build.0 = Release|Any CPU
		{5139985F-3E69-4490-A7A2-24EC7FA7683C}.Debug|Any CPU.ActiveCfg = Debug|Any CPU
		{5139985F-3E69-4490-A7A2-24EC7FA7683C}.Debug|Any CPU.Build.0 = Debug|Any CPU
		{5139985F-3E69-4490-A7A2-24EC7FA7683C}.Release|Any CPU.ActiveCfg = Release|Any CPU
		{5139985F-3E69-4490-A7A2-24EC7FA7683C}.Release|Any CPU.Build.0 = Release|Any CPU
		{B2E8B3B7-1BED-4FDA-9FD2-98F012D1B4D1}.Debug|Any CPU.ActiveCfg = Debug|Any CPU
		{B2E8B3B7-1BED-4FDA-9FD2-98F012D1B4D1}.Debug|Any CPU.Build.0 = Debug|Any CPU
		{B2E8B3B7-1BED-4FDA-9FD2-98F012D1B4D1}.Release|Any CPU.ActiveCfg = Release|Any CPU
		{B2E8B3B7-1BED-4FDA-9FD2-98F012D1B4D1}.Release|Any CPU.Build.0 = Release|Any CPU
	EndGlobalSection
	GlobalSection(SolutionProperties) = preSolution
		HideSolutionNode = FALSE
	EndGlobalSection
	GlobalSection(NestedProjects) = preSolution
		{853B78F3-3607-4107-A861-2BE0154F3A7A} = {02EA681E-C7D8-13C7-8484-4AC65E1B71E8}
		{5139985F-3E69-4490-A7A2-24EC7FA7683C} = {02EA681E-C7D8-13C7-8484-4AC65E1B71E8}
		{B2E8B3B7-1BED-4FDA-9FD2-98F012D1B4D1} = {02EA681E-C7D8-13C7-8484-4AC65E1B71E8}
	EndGlobalSection
	GlobalSection(ExtensibilityGlobals) = postSolution
		SolutionGuid = {3B241840-42EA-434D-8D66-653C44792C5A}
	EndGlobalSection
EndGlobal
