
Microsoft Visual Studio Solution File, Format Version 12.00
# Visual Studio Version 17
VisualStudioVersion = 17.14.36414.22
MinimumVisualStudioVersion = 10.0.40219.1
Project("{2150E333-8FDC-42A3-9474-1A3956D46DE8}") = "Task0", "Task0", "{6B40D4EF-0EB1-4E07-86A5-03ECA7DF42BA}"
EndProject
Project("{FAE04EC0-301F-11D3-BF4B-00C04F79EFBC}") = "Tyuiu.MinullinDF.Sprint1.Task0.V28.Lib", "Tyuiu.MinullinDF.Sprint1.Task0.V28.Lib\Tyuiu.MinullinDF.Sprint1.Task0.V28.Lib.csproj", "{14331661-393D-400F-8A3D-94720B60B9E1}"
EndProject
Project("{FAE04EC0-301F-11D3-BF4B-00C04F79EFBC}") = "Tyuiu.MinullinDF.Sprint1.Task0.V28", "Tyuiu.MinullinDF.Sprint1.Task0.V28\Tyuiu.MinullinDF.Sprint1.Task0.V28.csproj", "{5E417160-5266-41F8-8AEF-DE18C481ECB8}"
EndProject
Project("{FAE04EC0-301F-11D3-BF4B-00C04F79EFBC}") = "Tyuiu.MinullinDF.Sprint1.Task0.V28.Test", "Tyuiu.MinullinDF.Sprint1.Task0.V28.Test\Tyuiu.MinullinDF.Sprint1.Task0.V28.Test.csproj", "{6C357FDE-A4F7-44B1-A8DE-94DF54644C46}"
EndProject
Project("{2150E333-8FDC-42A3-9474-1A3956D46DE8}") = "Task1", "Task1", "{02EA681E-C7D8-13C7-8484-4AC65E1B71E8}"
EndProject
Project("{FAE04EC0-301F-11D3-BF4B-00C04F79EFBC}") = "Tyuiu.MinullinDF.Sprint1.Task1.V10.Test", "Tyuiu.MinullinDF.Sprint1.Task1.V10.Test\Tyuiu.MinullinDF.Sprint1.Task1.V10.Test.csproj", "{D8A759AC-EF4B-4159-80CD-1BB79BCDFE24}"
EndProject
Project("{FAE04EC0-301F-11D3-BF4B-00C04F79EFBC}") = "Tyuiu.MinullinDF.Sprint1.Task1.V10", "Tyuiu.MinullinDF.Sprint1.Task1.V10\Tyuiu.MinullinDF.Sprint1.Task1.V10.csproj", "{B6A5B8DD-7E25-40EF-9C2B-45289AA4183F}"
EndProject
Project("{FAE04EC0-301F-11D3-BF4B-00C04F79EFBC}") = "Tyuiu.MinullinDF.Sprint1.Task1.V10.Lib", "Tyuiu.MinullinDF.Sprint1.Task1.V10.Lib\Tyuiu.MinullinDF.Sprint1.Task1.V10.Lib.csproj", "{C04DD1B5-359E-445B-B494-C76841041F16}"
EndProject
Global
	GlobalSection(SolutionConfigurationPlatforms) = preSolution
		Debug|Any CPU = Debug|Any CPU
		Release|Any CPU = Release|Any CPU
	EndGlobalSection
	GlobalSection(ProjectConfigurationPlatforms) = postSolution
		{14331661-393D-400F-8A3D-94720B60B9E1}.Debug|Any CPU.ActiveCfg = Debug|Any CPU
		{14331661-393D-400F-8A3D-94720B60B9E1}.Debug|Any CPU.Build.0 = Debug|Any CPU
		{14331661-393D-400F-8A3D-94720B60B9E1}.Release|Any CPU.ActiveCfg = Release|Any CPU
		{14331661-393D-400F-8A3D-94720B60B9E1}.Release|Any CPU.Build.0 = Release|Any CPU
		{5E417160-5266-41F8-8AEF-DE18C481ECB8}.Debug|Any CPU.ActiveCfg = Debug|Any CPU
		{5E417160-5266-41F8-8AEF-DE18C481ECB8}.Debug|Any CPU.Build.0 = Debug|Any CPU
		{5E417160-5266-41F8-8AEF-DE18C481ECB8}.Release|Any CPU.ActiveCfg = Release|Any CPU
		{5E417160-5266-41F8-8AEF-DE18C481ECB8}.Release|Any CPU.Build.0 = Release|Any CPU
		{6C357FDE-A4F7-44B1-A8DE-94DF54644C46}.Debug|Any CPU.ActiveCfg = Debug|Any CPU
		{6C357FDE-A4F7-44B1-A8DE-94DF54644C46}.Debug|Any CPU.Build.0 = Debug|Any CPU
		{6C357FDE-A4F7-44B1-A8DE-94DF54644C46}.Release|Any CPU.ActiveCfg = Release|Any CPU
		{6C357FDE-A4F7-44B1-A8DE-94DF54644C46}.Release|Any CPU.Build.0 = Release|Any CPU
		{D8A759AC-EF4B-4159-80CD-1BB79BCDFE24}.Debug|Any CPU.ActiveCfg = Debug|Any CPU
		{D8A759AC-EF4B-4159-80CD-1BB79BCDFE24}.Debug|Any CPU.Build.0 = Debug|Any CPU
		{D8A759AC-EF4B-4159-80CD-1BB79BCDFE24}.Release|Any CPU.ActiveCfg = Release|Any CPU
		{D8A759AC-EF4B-4159-80CD-1BB79BCDFE24}.Release|Any CPU.Build.0 = Release|Any CPU
		{B6A5B8DD-7E25-40EF-9C2B-45289AA4183F}.Debug|Any CPU.ActiveCfg = Debug|Any CPU
		{B6A5B8DD-7E25-40EF-9C2B-45289AA4183F}.Debug|Any CPU.Build.0 = Debug|Any CPU
		{B6A5B8DD-7E25-40EF-9C2B-45289AA4183F}.Release|Any CPU.ActiveCfg = Release|Any CPU
		{B6A5B8DD-7E25-40EF-9C2B-45289AA4183F}.Release|Any CPU.Build.0 = Release|Any CPU
		{C04DD1B5-359E-445B-B494-C76841041F16}.Debug|Any CPU.ActiveCfg = Debug|Any CPU
		{C04DD1B5-359E-445B-B494-C76841041F16}.Debug|Any CPU.Build.0 = Debug|Any CPU
		{C04DD1B5-359E-445B-B494-C76841041F16}.Release|Any CPU.ActiveCfg = Release|Any CPU
		{C04DD1B5-359E-445B-B494-C76841041F16}.Release|Any CPU.Build.0 = Release|Any CPU
	EndGlobalSection
	GlobalSection(SolutionProperties) = preSolution
		HideSolutionNode = FALSE
	EndGlobalSection
	GlobalSection(NestedProjects) = preSolution
		{14331661-393D-400F-8A3D-94720B60B9E1} = {6B40D4EF-0EB1-4E07-86A5-03ECA7DF42BA}
		{5E417160-5266-41F8-8AEF-DE18C481ECB8} = {6B40D4EF-0EB1-4E07-86A5-03ECA7DF42BA}
		{6C357FDE-A4F7-44B1-A8DE-94DF54644C46} = {6B40D4EF-0EB1-4E07-86A5-03ECA7DF42BA}
		{D8A759AC-EF4B-4159-80CD-1BB79BCDFE24} = {02EA681E-C7D8-13C7-8484-4AC65E1B71E8}
		{B6A5B8DD-7E25-40EF-9C2B-45289AA4183F} = {02EA681E-C7D8-13C7-8484-4AC65E1B71E8}
		{C04DD1B5-359E-445B-B494-C76841041F16} = {02EA681E-C7D8-13C7-8484-4AC65E1B71E8}
	EndGlobalSection
	GlobalSection(ExtensibilityGlobals) = postSolution
		SolutionGuid = {3B241840-42EA-434D-8D66-653C44792C5A}
	EndGlobalSection
EndGlobal
